
Microsoft Visual Studio Solution File, Format Version 12.00
Project("{FAE04EC0-301F-11D3-BF4B-00C04F79EFBC}") = "SimpleGameServer", "SimpleGameServer\SimpleGameServer.csproj", "{21AB38F5-3A63-46B6-8DEF-1DBEBEACE2C5}"
EndProject
Project("{FAE04EC0-301F-11D3-BF4B-00C04F79EFBC}") = "LobbyServer", "LobbyServer \LobbyServer.csproj", "{09050F72-E460-4926-AB59-14604EB2BDD8}"
EndProject
Global
	GlobalSection(SolutionConfigurationPlatforms) = preSolution
		Debug|Any CPU = Debug|Any CPU
		Release|Any CPU = Release|Any CPU
	EndGlobalSection
	GlobalSection(ProjectConfigurationPlatforms) = postSolution
		{21AB38F5-3A63-46B6-8DEF-1DBEBEACE2C5}.Debug|Any CPU.ActiveCfg = Debug|Any CPU
		{21AB38F5-3A63-46B6-8DEF-1DBEBEACE2C5}.Debug|Any CPU.Build.0 = Debug|Any CPU
		{21AB38F5-3A63-46B6-8DEF-1DBEBEACE2C5}.Release|Any CPU.ActiveCfg = Release|Any CPU
		{21AB38F5-3A63-46B6-8DEF-1DBEBEACE2C5}.Release|Any CPU.Build.0 = Release|Any CPU
		{09050F72-E460-4926-AB59-14604EB2BDD8}.Debug|Any CPU.ActiveCfg = Debug|Any CPU
		{09050F72-E460-4926-AB59-14604EB2BDD8}.Debug|Any CPU.Build.0 = Debug|Any CPU
		{09050F72-E460-4926-AB59-14604EB2BDD8}.Release|Any CPU.ActiveCfg = Release|Any CPU
		{09050F72-E460-4926-AB59-14604EB2BDD8}.Release|Any CPU.Build.0 = Release|Any CPU
	EndGlobalSection
EndGlobal
